{
  "lockfileVersion": 1,
  "workspaces": {
    "": {
      "dependencies": {
        "next": "canary",
        "next-rspack": "canary",
        "react": "^19.1.0",
        "react-dom": "^19.1.0",
      },
      "devDependencies": {
        "@biomejs/biome": "^1.9.4",
        "@happy-dom/global-registrator": "^17.4.4",
        "@playwright/test": "next",
        "@tailwindcss/postcss": "^4.1.4",
        "@testing-library/dom": "^10.4.0",
        "@testing-library/react": "^16.3.0",
        "@types/bun": "^1.2.9",
        "@types/react": "^19.1.2",
        "@types/react-dom": "^19.1.2",
        "babel-plugin-react-compiler": "experimental",
        "postcss": "^8.5.3",
        "tailwindcss": "^4.1.4",
        "typescript": "^5.8.3",
      },
    },
  },
  "trustedDependencies": [
    "sharp",
    "@biomejs/biome",
  ],
  "packages": {
    "@alloc/quick-lru": ["@alloc/quick-lru@5.2.0", "", {}, "sha512-UrcABB+4bUrFABwbluTIBErXwvbsU/V7TZWfmbgJfbkwiBuziS9gxdODUyuiecfdGQ85jglMW6juS3+z5TsKLw=="],

    "@babel/code-frame": ["@babel/code-frame@7.26.2", "", { "dependencies": { "@babel/helper-validator-identifier": "^7.25.9", "js-tokens": "^4.0.0", "picocolors": "^1.0.0" } }, "sha512-RJlIHRueQgwWitWgF8OdFYGZX328Ax5BCemNGlqHfplnRT9ESi8JkFlvaVYbS+UubVY6dpv87Fs2u5M29iNFVQ=="],

    "@babel/helper-string-parser": ["@babel/helper-string-parser@7.25.9", "", {}, "sha512-4A/SCr/2KLd5jrtOMFzaKjVtAei3+2r/NChoBNoZ3EyP/+GlhoaEGoWOZUmFmoITP7zOJyHIMm+DYRd8o3PvHA=="],

    "@babel/helper-validator-identifier": ["@babel/helper-validator-identifier@7.25.9", "", {}, "sha512-Ed61U6XJc3CVRfkERJWDz4dJwKe7iLmmJsbOGu9wSloNSFttHV0I8g6UAgb7qnK5ly5bGLPd4oXZlxCdANBOWQ=="],

    "@babel/runtime": ["@babel/runtime@7.26.0", "", { "dependencies": { "regenerator-runtime": "^0.14.0" } }, "sha512-FDSOghenHTiToteC/QRlv2q3DhPZ/oOXTBoirfWNx1Cx3TMVcGWQtMMmQcSvb/JjpNeGzx8Pq/b4fKEJuWm1sw=="],

    "@babel/types": ["@babel/types@7.26.3", "", { "dependencies": { "@babel/helper-string-parser": "^7.25.9", "@babel/helper-validator-identifier": "^7.25.9" } }, "sha512-vN5p+1kl59GVKMvTHt55NzzmYVxprfJD+ql7U9NFIfKCBkYE55LYtS+WtPlaYOyzydrKI8Nezd+aZextrd+FMA=="],

    "@biomejs/biome": ["@biomejs/biome@1.9.4", "", { "optionalDependencies": { "@biomejs/cli-darwin-arm64": "1.9.4", "@biomejs/cli-darwin-x64": "1.9.4", "@biomejs/cli-linux-arm64": "1.9.4", "@biomejs/cli-linux-arm64-musl": "1.9.4", "@biomejs/cli-linux-x64": "1.9.4", "@biomejs/cli-linux-x64-musl": "1.9.4", "@biomejs/cli-win32-arm64": "1.9.4", "@biomejs/cli-win32-x64": "1.9.4" }, "bin": { "biome": "bin/biome" } }, "sha512-1rkd7G70+o9KkTn5KLmDYXihGoTaIGO9PIIN2ZB7UJxFrWw04CZHPYiMRjYsaDvVV7hP1dYNRLxSANLaBFGpog=="],

    "@biomejs/cli-darwin-arm64": ["@biomejs/cli-darwin-arm64@1.9.4", "", { "os": "darwin", "cpu": "arm64" }, "sha512-bFBsPWrNvkdKrNCYeAp+xo2HecOGPAy9WyNyB/jKnnedgzl4W4Hb9ZMzYNbf8dMCGmUdSavlYHiR01QaYR58cw=="],

    "@biomejs/cli-darwin-x64": ["@biomejs/cli-darwin-x64@1.9.4", "", { "os": "darwin", "cpu": "x64" }, "sha512-ngYBh/+bEedqkSevPVhLP4QfVPCpb+4BBe2p7Xs32dBgs7rh9nY2AIYUL6BgLw1JVXV8GlpKmb/hNiuIxfPfZg=="],

    "@biomejs/cli-linux-arm64": ["@biomejs/cli-linux-arm64@1.9.4", "", { "os": "linux", "cpu": "arm64" }, "sha512-fJIW0+LYujdjUgJJuwesP4EjIBl/N/TcOX3IvIHJQNsAqvV2CHIogsmA94BPG6jZATS4Hi+xv4SkBBQSt1N4/g=="],

    "@biomejs/cli-linux-arm64-musl": ["@biomejs/cli-linux-arm64-musl@1.9.4", "", { "os": "linux", "cpu": "arm64" }, "sha512-v665Ct9WCRjGa8+kTr0CzApU0+XXtRgwmzIf1SeKSGAv+2scAlW6JR5PMFo6FzqqZ64Po79cKODKf3/AAmECqA=="],

    "@biomejs/cli-linux-x64": ["@biomejs/cli-linux-x64@1.9.4", "", { "os": "linux", "cpu": "x64" }, "sha512-lRCJv/Vi3Vlwmbd6K+oQ0KhLHMAysN8lXoCI7XeHlxaajk06u7G+UsFSO01NAs5iYuWKmVZjmiOzJ0OJmGsMwg=="],

    "@biomejs/cli-linux-x64-musl": ["@biomejs/cli-linux-x64-musl@1.9.4", "", { "os": "linux", "cpu": "x64" }, "sha512-gEhi/jSBhZ2m6wjV530Yy8+fNqG8PAinM3oV7CyO+6c3CEh16Eizm21uHVsyVBEB6RIM8JHIl6AGYCv6Q6Q9Tg=="],

    "@biomejs/cli-win32-arm64": ["@biomejs/cli-win32-arm64@1.9.4", "", { "os": "win32", "cpu": "arm64" }, "sha512-tlbhLk+WXZmgwoIKwHIHEBZUwxml7bRJgk0X2sPyNR3S93cdRq6XulAZRQJ17FYGGzWne0fgrXBKpl7l4M87Hg=="],

    "@biomejs/cli-win32-x64": ["@biomejs/cli-win32-x64@1.9.4", "", { "os": "win32", "cpu": "x64" }, "sha512-8Y5wMhVIPaWe6jw2H+KlEm4wP/f7EW3810ZLmDlrEEy5KvBsb9ECEfu/kMWD484ijfQ8+nIi0giMgu9g1UAuuA=="],

    "@emnapi/runtime": ["@emnapi/runtime@1.4.0", "", { "dependencies": { "tslib": "^2.4.0" } }, "sha512-64WYIf4UYcdLnbKn/umDlNjQDSS8AgZrI/R9+x5ilkUVFxXcA1Ebl+gQLc/6mERA4407Xof0R7wEyEuj091CVw=="],

    "@happy-dom/global-registrator": ["@happy-dom/global-registrator@17.4.4", "", { "dependencies": { "happy-dom": "^17.4.4" } }, "sha512-njrU74GrYVHO43upIJr96f7pEmUG7YLZbHCGiHALBECeVnDKpepzL9kVc7KIl8S2nQOkPA0rAA1EyC3xASb54w=="],

    "@img/sharp-darwin-arm64": ["@img/sharp-darwin-arm64@0.34.1", "", { "optionalDependencies": { "@img/sharp-libvips-darwin-arm64": "1.1.0" }, "os": "darwin", "cpu": "arm64" }, "sha512-pn44xgBtgpEbZsu+lWf2KNb6OAf70X68k+yk69Ic2Xz11zHR/w24/U49XT7AeRwJ0Px+mhALhU5LPci1Aymk7A=="],

    "@img/sharp-darwin-x64": ["@img/sharp-darwin-x64@0.34.1", "", { "optionalDependencies": { "@img/sharp-libvips-darwin-x64": "1.1.0" }, "os": "darwin", "cpu": "x64" }, "sha512-VfuYgG2r8BpYiOUN+BfYeFo69nP/MIwAtSJ7/Zpxc5QF3KS22z8Pvg3FkrSFJBPNQ7mmcUcYQFBmEQp7eu1F8Q=="],

    "@img/sharp-libvips-darwin-arm64": ["@img/sharp-libvips-darwin-arm64@1.1.0", "", { "os": "darwin", "cpu": "arm64" }, "sha512-HZ/JUmPwrJSoM4DIQPv/BfNh9yrOA8tlBbqbLz4JZ5uew2+o22Ik+tHQJcih7QJuSa0zo5coHTfD5J8inqj9DA=="],

    "@img/sharp-libvips-darwin-x64": ["@img/sharp-libvips-darwin-x64@1.1.0", "", { "os": "darwin", "cpu": "x64" }, "sha512-Xzc2ToEmHN+hfvsl9wja0RlnXEgpKNmftriQp6XzY/RaSfwD9th+MSh0WQKzUreLKKINb3afirxW7A0fz2YWuQ=="],

    "@img/sharp-libvips-linux-arm": ["@img/sharp-libvips-linux-arm@1.1.0", "", { "os": "linux", "cpu": "arm" }, "sha512-s8BAd0lwUIvYCJyRdFqvsj+BJIpDBSxs6ivrOPm/R7piTs5UIwY5OjXrP2bqXC9/moGsyRa37eYWYCOGVXxVrA=="],

    "@img/sharp-libvips-linux-arm64": ["@img/sharp-libvips-linux-arm64@1.1.0", "", { "os": "linux", "cpu": "arm64" }, "sha512-IVfGJa7gjChDET1dK9SekxFFdflarnUB8PwW8aGwEoF3oAsSDuNUTYS+SKDOyOJxQyDC1aPFMuRYLoDInyV9Ew=="],

    "@img/sharp-libvips-linux-ppc64": ["@img/sharp-libvips-linux-ppc64@1.1.0", "", { "os": "linux", "cpu": "ppc64" }, "sha512-tiXxFZFbhnkWE2LA8oQj7KYR+bWBkiV2nilRldT7bqoEZ4HiDOcePr9wVDAZPi/Id5fT1oY9iGnDq20cwUz8lQ=="],

    "@img/sharp-libvips-linux-s390x": ["@img/sharp-libvips-linux-s390x@1.1.0", "", { "os": "linux", "cpu": "s390x" }, "sha512-xukSwvhguw7COyzvmjydRb3x/09+21HykyapcZchiCUkTThEQEOMtBj9UhkaBRLuBrgLFzQ2wbxdeCCJW/jgJA=="],

    "@img/sharp-libvips-linux-x64": ["@img/sharp-libvips-linux-x64@1.1.0", "", { "os": "linux", "cpu": "x64" }, "sha512-yRj2+reB8iMg9W5sULM3S74jVS7zqSzHG3Ol/twnAAkAhnGQnpjj6e4ayUz7V+FpKypwgs82xbRdYtchTTUB+Q=="],

    "@img/sharp-libvips-linuxmusl-arm64": ["@img/sharp-libvips-linuxmusl-arm64@1.1.0", "", { "os": "linux", "cpu": "arm64" }, "sha512-jYZdG+whg0MDK+q2COKbYidaqW/WTz0cc1E+tMAusiDygrM4ypmSCjOJPmFTvHHJ8j/6cAGyeDWZOsK06tP33w=="],

    "@img/sharp-libvips-linuxmusl-x64": ["@img/sharp-libvips-linuxmusl-x64@1.1.0", "", { "os": "linux", "cpu": "x64" }, "sha512-wK7SBdwrAiycjXdkPnGCPLjYb9lD4l6Ze2gSdAGVZrEL05AOUJESWU2lhlC+Ffn5/G+VKuSm6zzbQSzFX/P65A=="],

    "@img/sharp-linux-arm": ["@img/sharp-linux-arm@0.34.1", "", { "optionalDependencies": { "@img/sharp-libvips-linux-arm": "1.1.0" }, "os": "linux", "cpu": "arm" }, "sha512-anKiszvACti2sGy9CirTlNyk7BjjZPiML1jt2ZkTdcvpLU1YH6CXwRAZCA2UmRXnhiIftXQ7+Oh62Ji25W72jA=="],

    "@img/sharp-linux-arm64": ["@img/sharp-linux-arm64@0.34.1", "", { "optionalDependencies": { "@img/sharp-libvips-linux-arm64": "1.1.0" }, "os": "linux", "cpu": "arm64" }, "sha512-kX2c+vbvaXC6vly1RDf/IWNXxrlxLNpBVWkdpRq5Ka7OOKj6nr66etKy2IENf6FtOgklkg9ZdGpEu9kwdlcwOQ=="],

    "@img/sharp-linux-s390x": ["@img/sharp-linux-s390x@0.34.1", "", { "optionalDependencies": { "@img/sharp-libvips-linux-s390x": "1.1.0" }, "os": "linux", "cpu": "s390x" }, "sha512-7s0KX2tI9mZI2buRipKIw2X1ufdTeaRgwmRabt5bi9chYfhur+/C1OXg3TKg/eag1W+6CCWLVmSauV1owmRPxA=="],

    "@img/sharp-linux-x64": ["@img/sharp-linux-x64@0.34.1", "", { "optionalDependencies": { "@img/sharp-libvips-linux-x64": "1.1.0" }, "os": "linux", "cpu": "x64" }, "sha512-wExv7SH9nmoBW3Wr2gvQopX1k8q2g5V5Iag8Zk6AVENsjwd+3adjwxtp3Dcu2QhOXr8W9NusBU6XcQUohBZ5MA=="],

    "@img/sharp-linuxmusl-arm64": ["@img/sharp-linuxmusl-arm64@0.34.1", "", { "optionalDependencies": { "@img/sharp-libvips-linuxmusl-arm64": "1.1.0" }, "os": "linux", "cpu": "arm64" }, "sha512-DfvyxzHxw4WGdPiTF0SOHnm11Xv4aQexvqhRDAoD00MzHekAj9a/jADXeXYCDFH/DzYruwHbXU7uz+H+nWmSOQ=="],

    "@img/sharp-linuxmusl-x64": ["@img/sharp-linuxmusl-x64@0.34.1", "", { "optionalDependencies": { "@img/sharp-libvips-linuxmusl-x64": "1.1.0" }, "os": "linux", "cpu": "x64" }, "sha512-pax/kTR407vNb9qaSIiWVnQplPcGU8LRIJpDT5o8PdAx5aAA7AS3X9PS8Isw1/WfqgQorPotjrZL3Pqh6C5EBg=="],

    "@img/sharp-wasm32": ["@img/sharp-wasm32@0.34.1", "", { "dependencies": { "@emnapi/runtime": "^1.4.0" }, "cpu": "none" }, "sha512-YDybQnYrLQfEpzGOQe7OKcyLUCML4YOXl428gOOzBgN6Gw0rv8dpsJ7PqTHxBnXnwXr8S1mYFSLSa727tpz0xg=="],

    "@img/sharp-win32-ia32": ["@img/sharp-win32-ia32@0.34.1", "", { "os": "win32", "cpu": "ia32" }, "sha512-WKf/NAZITnonBf3U1LfdjoMgNO5JYRSlhovhRhMxXVdvWYveM4kM3L8m35onYIdh75cOMCo1BexgVQcCDzyoWw=="],

    "@img/sharp-win32-x64": ["@img/sharp-win32-x64@0.34.1", "", { "os": "win32", "cpu": "x64" }, "sha512-hw1iIAHpNE8q3uMIRCgGOeDoz9KtFNarFLQclLxr/LK1VBkj8nby18RjFvr6aP7USRYAjTZW6yisnBWMX571Tw=="],

    "@module-federation/error-codes": ["@module-federation/error-codes@0.11.2", "", {}, "sha512-ik1Qnn0I+WyEdprTck9WGlH41vGsVdUg8cfO+ZM02qOb2cZm5Vu3SlxGAobj6g7uAj0g8yINnd7h7Dci40BxQA=="],

    "@module-federation/runtime": ["@module-federation/runtime@0.11.2", "", { "dependencies": { "@module-federation/error-codes": "0.11.2", "@module-federation/runtime-core": "0.11.2", "@module-federation/sdk": "0.11.2" } }, "sha512-Ya9u/L6z2LvhgpqxuKCB7LcigIIRf1BbaxAZIH7mzbq/A7rZtTP7v+73E433jvgiAlbAfPSZkeoYGele6hfRwA=="],

    "@module-federation/runtime-core": ["@module-federation/runtime-core@0.11.2", "", { "dependencies": { "@module-federation/error-codes": "0.11.2", "@module-federation/sdk": "0.11.2" } }, "sha512-dia5kKybi6MFU0s5PgglJwN27k7n9Sf69Cy5xZ4BWaP0qlaXTsxHKO0PECHNt2Pt8jDdyU29sQ4DwAQfxpnXJQ=="],

    "@module-federation/runtime-tools": ["@module-federation/runtime-tools@0.11.2", "", { "dependencies": { "@module-federation/runtime": "0.11.2", "@module-federation/webpack-bundler-runtime": "0.11.2" } }, "sha512-4MJTGAxVq6vxQRkTtTlH7Mm9AVqgn0X9kdu+7RsL7T/qU+jeYsbrntN2CWG3GVVA8r5JddXyTI1iJ0VXQZLV1w=="],

    "@module-federation/sdk": ["@module-federation/sdk@0.11.2", "", {}, "sha512-SBFe5xOamluT900J4AGBx+2/kCH/JbfqXoUwPSAC6PRzb8Y7LB0posnOGzmqYsLZXT37vp3d6AmJDsVoajDqxw=="],

    "@module-federation/webpack-bundler-runtime": ["@module-federation/webpack-bundler-runtime@0.11.2", "", { "dependencies": { "@module-federation/runtime": "0.11.2", "@module-federation/sdk": "0.11.2" } }, "sha512-WdwIE6QF+MKs/PdVu0cKPETF743JB9PZ62/qf7Uo3gU4fjsUMc37RnbJZ/qB60EaHHfjwp1v6NnhZw1r4eVsnw=="],

    "@next/env": ["@next/env@15.3.1-canary.9", "", {}, "sha512-ahnXk9D1SECEeq6KhZBAkhuijmvONJqXoAmcmyVcVekq+u5I7LAQe8A7AFTSU0d5jItwJ+bfnpA6ZDGaXVG2CQ=="],

    "@next/swc-darwin-arm64": ["@next/swc-darwin-arm64@15.3.1-canary.9", "", { "os": "darwin", "cpu": "arm64" }, "sha512-/44Wi2KxNg1pz/Q+jNs+m0ze0Lzp7Ian1lFO22B2UcAdgPaThBp/ItBro5G39Oge6n0O0xpp2+HS3YbydJ5lOg=="],

    "@next/swc-darwin-x64": ["@next/swc-darwin-x64@15.3.1-canary.9", "", { "os": "darwin", "cpu": "x64" }, "sha512-jl7BJS/lysYlUa7rYPYKM6udKuXEUoI3e31g+8wMFbLmevivnnowzPc7yCJ3MAQmW0J6jv9U9obo+a2n5wafsQ=="],

    "@next/swc-linux-arm64-gnu": ["@next/swc-linux-arm64-gnu@15.3.1-canary.9", "", { "os": "linux", "cpu": "arm64" }, "sha512-7Lj6VFzrkO82ojfTBlxIyCMKylgpCpCflekU5sJgD0ooRGcWlWSEVCiUcOSvMPeHW7TiJqTTB2NVzuHhY+yLhA=="],

    "@next/swc-linux-arm64-musl": ["@next/swc-linux-arm64-musl@15.3.1-canary.9", "", { "os": "linux", "cpu": "arm64" }, "sha512-iqZSNVVD+PDASb64m/WD0nCRNXXd3eLIwC/U1YjfYNWwW2I0OJL1bLX0kTp57wQadYMqyv52a96yEaeen+47AQ=="],

    "@next/swc-linux-x64-gnu": ["@next/swc-linux-x64-gnu@15.3.1-canary.9", "", { "os": "linux", "cpu": "x64" }, "sha512-CLlCDftzkvzx+kqrp6J/lY+K7x9cNFlAwpCUJZxrzX+m5TDwgMLD045z4+Jwj+3gLF3Q+6ubPSZly0q5EwpfRQ=="],

    "@next/swc-linux-x64-musl": ["@next/swc-linux-x64-musl@15.3.1-canary.9", "", { "os": "linux", "cpu": "x64" }, "sha512-9CL3IMmfabYNHjr3Z9hw0jKVe/HBd/WhOmWvF4xtbtVHZuQcz74O2O77BPNHe8NEuhG11WiFhJsnbkSbkFJ+sQ=="],

    "@next/swc-win32-arm64-msvc": ["@next/swc-win32-arm64-msvc@15.3.1-canary.9", "", { "os": "win32", "cpu": "arm64" }, "sha512-sITL9Fru9NB00sXC/+gDKpxojAPlVYIwzI1bKzugSgLwnDyydbSnqMgmea1NOr/7nFbeBnWDXpYHgq8T4VX2Bg=="],

    "@next/swc-win32-x64-msvc": ["@next/swc-win32-x64-msvc@15.3.1-canary.9", "", { "os": "win32", "cpu": "x64" }, "sha512-ickRm1FKSMHaELoN//K1CMEMSTJpclg4KgaAqmv0fDnOvBLsCw/reAoZrT9N+Bt2ToDP4jbwEEhSOmH8uQ1lQg=="],

    "@playwright/test": ["@playwright/test@1.53.0-alpha-2025-04-16", "", { "dependencies": { "playwright": "1.53.0-alpha-2025-04-16" }, "bin": { "playwright": "cli.js" } }, "sha512-hqkv9eJqYdXtblC+82RfXufbj+UhhsWM/WP+GO9oJszwjbvWU/vPj9ALx61BxGwUQQPsqqCNVoG2dVyH6EklJA=="],

    "@rspack/binding": ["@rspack/binding@1.3.4", "", { "optionalDependencies": { "@rspack/binding-darwin-arm64": "1.3.4", "@rspack/binding-darwin-x64": "1.3.4", "@rspack/binding-linux-arm64-gnu": "1.3.4", "@rspack/binding-linux-arm64-musl": "1.3.4", "@rspack/binding-linux-x64-gnu": "1.3.4", "@rspack/binding-linux-x64-musl": "1.3.4", "@rspack/binding-win32-arm64-msvc": "1.3.4", "@rspack/binding-win32-ia32-msvc": "1.3.4", "@rspack/binding-win32-x64-msvc": "1.3.4" } }, "sha512-wDRqqNfrVXuHAEm25mPlhroKN+v4uwhihVnZF4duz0I0L5rbsUNCy7uEda0GrBXkj3jkKLfg60mSd9MCZD0JZw=="],

    "@rspack/binding-darwin-arm64": ["@rspack/binding-darwin-arm64@1.3.4", "", { "os": "darwin", "cpu": "arm64" }, "sha512-cVfzvtVf05VumGrxFz9Tk0QHk4jWBcQBNQuaql2enco8NKnzuX+v0+VP2mbNfvgICBgrHWKRYinAX5IxTEJdCw=="],

    "@rspack/binding-darwin-x64": ["@rspack/binding-darwin-x64@1.3.4", "", { "os": "darwin", "cpu": "x64" }, "sha512-vXzf8xI+njdOSXGyI39lqkH/bSwyrx4jXW9+Pj2zbmRJVHZVyJsrx4kSpOoZX5zx/a7BbvuHRwrmmJS2HEOobw=="],

    "@rspack/binding-linux-arm64-gnu": ["@rspack/binding-linux-arm64-gnu@1.3.4", "", { "os": "linux", "cpu": "arm64" }, "sha512-c45kQrqzR05Jc62oAetiAXrnPWhyt3Pz1h2LF62OW8SYXxdBskAKpWntTts/T96HMLqNPH3MAfDKxyfOb/n0eQ=="],

    "@rspack/binding-linux-arm64-musl": ["@rspack/binding-linux-arm64-musl@1.3.4", "", { "os": "linux", "cpu": "arm64" }, "sha512-/dUvkcBVnV95tA7BpeA6IZhrbpwxFzvgU6qF/iKxyHdMjwHdjn1Um7nR00TPOn/SIHzljafHpL6CuVTLNB5xvA=="],

    "@rspack/binding-linux-x64-gnu": ["@rspack/binding-linux-x64-gnu@1.3.4", "", { "os": "linux", "cpu": "x64" }, "sha512-jZgGKoH7RyqJbyEcvhEE9wqK6mwoWxLF3c3LD2+e+dKVcO5iCfMuulCGdzUnYyvH97CtvN5j0/20PErRXubyjg=="],

    "@rspack/binding-linux-x64-musl": ["@rspack/binding-linux-x64-musl@1.3.4", "", { "os": "linux", "cpu": "x64" }, "sha512-Xko8mZ598vQDubig4rLTuCDjXplSDJbJEg6B3NykGaE6CMH2bI/6KJfVKEKo25ayNzoouT/1MxyOxB4mQuspbA=="],

    "@rspack/binding-win32-arm64-msvc": ["@rspack/binding-win32-arm64-msvc@1.3.4", "", { "os": "win32", "cpu": "arm64" }, "sha512-Q+pU/MRylYB3XoNTM1LYPxWV1KUxeZY6R54twtoDFXhZn/PDflP7qH1BHQ0KN50HuG5ZK89CaFSPMF7+vs6HNA=="],

    "@rspack/binding-win32-ia32-msvc": ["@rspack/binding-win32-ia32-msvc@1.3.4", "", { "os": "win32", "cpu": "ia32" }, "sha512-aqP/l+YAG4L9I1klW3uSq+olafw8xzAP+4cd/Nyy2SSDnhWsDgawxJyO6FIeM+hXwC73ChH9pcXHGgEC7iCcHw=="],

    "@rspack/binding-win32-x64-msvc": ["@rspack/binding-win32-x64-msvc@1.3.4", "", { "os": "win32", "cpu": "x64" }, "sha512-xDU1njA1gIzIL6Nt5ARW4vWeVgwf00i7tPONg+6fJyMgwuFfwq2qEG7UFSBOedYjsSTCW+UoBh7riN7lRiFIvw=="],

    "@rspack/core": ["@rspack/core@1.3.4", "", { "dependencies": { "@module-federation/runtime-tools": "0.11.2", "@rspack/binding": "1.3.4", "@rspack/lite-tapable": "1.0.1", "caniuse-lite": "^1.0.30001707" }, "peerDependencies": { "@rspack/tracing": "^1.x", "@swc/helpers": ">=0.5.1" }, "optionalPeers": ["@rspack/tracing", "@swc/helpers"] }, "sha512-NIIk/0XUkyU9G8eby6kKO3YFpeDn8RsUIzNuElcfi1rWuuK+NLasDqUYOFqqlNBKnZpmtZ+SXAV9jE5k/i3uwg=="],

    "@rspack/lite-tapable": ["@rspack/lite-tapable@1.0.1", "", {}, "sha512-VynGOEsVw2s8TAlLf/uESfrgfrq2+rcXB1muPJYBWbsm1Oa6r5qVQhjA5ggM6z/coYPrsVMgovl3Ff7Q7OCp1w=="],

    "@rspack/plugin-react-refresh": ["@rspack/plugin-react-refresh@1.2.0", "", { "dependencies": { "error-stack-parser": "^2.1.4", "html-entities": "^2.6.0" }, "peerDependencies": { "react-refresh": ">=0.10.0 <1.0.0", "webpack-hot-middleware": "2.x" }, "optionalPeers": ["webpack-hot-middleware"] }, "sha512-DTsbtggCfsiXE5QQtYMS8rKfEF8GIjwPDbgIT6Kg8BlAjpJY4jT5IisyhfIi7YOT3d5RIvu60iFB6Kr9sSMsnA=="],

    "@swc/counter": ["@swc/counter@0.1.3", "", {}, "sha512-e2BR4lsJkkRlKZ/qCHPw9ZaSxc0MVUd7gtbtaB7aMvHeJVYe8sOB8DBZkP2DtISHGSku9sCK6T6cnY0CtXrOCQ=="],

    "@swc/helpers": ["@swc/helpers@0.5.15", "", { "dependencies": { "tslib": "^2.8.0" } }, "sha512-JQ5TuMi45Owi4/BIMAJBoSQoOJu12oOk/gADqlcUL9JEdHB8vyjUSsxqeNXnmXHjYKMi2WcYtezGEEhqUI/E2g=="],

    "@tailwindcss/node": ["@tailwindcss/node@4.1.4", "", { "dependencies": { "enhanced-resolve": "^5.18.1", "jiti": "^2.4.2", "lightningcss": "1.29.2", "tailwindcss": "4.1.4" } }, "sha512-MT5118zaiO6x6hNA04OWInuAiP1YISXql8Z+/Y8iisV5nuhM8VXlyhRuqc2PEviPszcXI66W44bCIk500Oolhw=="],

    "@tailwindcss/oxide": ["@tailwindcss/oxide@4.1.4", "", { "optionalDependencies": { "@tailwindcss/oxide-android-arm64": "4.1.4", "@tailwindcss/oxide-darwin-arm64": "4.1.4", "@tailwindcss/oxide-darwin-x64": "4.1.4", "@tailwindcss/oxide-freebsd-x64": "4.1.4", "@tailwindcss/oxide-linux-arm-gnueabihf": "4.1.4", "@tailwindcss/oxide-linux-arm64-gnu": "4.1.4", "@tailwindcss/oxide-linux-arm64-musl": "4.1.4", "@tailwindcss/oxide-linux-x64-gnu": "4.1.4", "@tailwindcss/oxide-linux-x64-musl": "4.1.4", "@tailwindcss/oxide-wasm32-wasi": "4.1.4", "@tailwindcss/oxide-win32-arm64-msvc": "4.1.4", "@tailwindcss/oxide-win32-x64-msvc": "4.1.4" } }, "sha512-p5wOpXyOJx7mKh5MXh5oKk+kqcz8T+bA3z/5VWWeQwFrmuBItGwz8Y2CHk/sJ+dNb9B0nYFfn0rj/cKHZyjahQ=="],

    "@tailwindcss/oxide-android-arm64": ["@tailwindcss/oxide-android-arm64@4.1.4", "", { "os": "android", "cpu": "arm64" }, "sha512-xMMAe/SaCN/vHfQYui3fqaBDEXMu22BVwQ33veLc8ep+DNy7CWN52L+TTG9y1K397w9nkzv+Mw+mZWISiqhmlA=="],

    "@tailwindcss/oxide-darwin-arm64": ["@tailwindcss/oxide-darwin-arm64@4.1.4", "", { "os": "darwin", "cpu": "arm64" }, "sha512-JGRj0SYFuDuAGilWFBlshcexev2hOKfNkoX+0QTksKYq2zgF9VY/vVMq9m8IObYnLna0Xlg+ytCi2FN2rOL0Sg=="],

    "@tailwindcss/oxide-darwin-x64": ["@tailwindcss/oxide-darwin-x64@4.1.4", "", { "os": "darwin", "cpu": "x64" }, "sha512-sdDeLNvs3cYeWsEJ4H1DvjOzaGios4QbBTNLVLVs0XQ0V95bffT3+scptzYGPMjm7xv4+qMhCDrkHwhnUySEzA=="],

    "@tailwindcss/oxide-freebsd-x64": ["@tailwindcss/oxide-freebsd-x64@4.1.4", "", { "os": "freebsd", "cpu": "x64" }, "sha512-VHxAqxqdghM83HslPhRsNhHo91McsxRJaEnShJOMu8mHmEj9Ig7ToHJtDukkuLWLzLboh2XSjq/0zO6wgvykNA=="],

    "@tailwindcss/oxide-linux-arm-gnueabihf": ["@tailwindcss/oxide-linux-arm-gnueabihf@4.1.4", "", { "os": "linux", "cpu": "arm" }, "sha512-OTU/m/eV4gQKxy9r5acuesqaymyeSCnsx1cFto/I1WhPmi5HDxX1nkzb8KYBiwkHIGg7CTfo/AcGzoXAJBxLfg=="],

    "@tailwindcss/oxide-linux-arm64-gnu": ["@tailwindcss/oxide-linux-arm64-gnu@4.1.4", "", { "os": "linux", "cpu": "arm64" }, "sha512-hKlLNvbmUC6z5g/J4H+Zx7f7w15whSVImokLPmP6ff1QqTVE+TxUM9PGuNsjHvkvlHUtGTdDnOvGNSEUiXI1Ww=="],

    "@tailwindcss/oxide-linux-arm64-musl": ["@tailwindcss/oxide-linux-arm64-musl@4.1.4", "", { "os": "linux", "cpu": "arm64" }, "sha512-X3As2xhtgPTY/m5edUtddmZ8rCruvBvtxYLMw9OsZdH01L2gS2icsHRwxdU0dMItNfVmrBezueXZCHxVeeb7Aw=="],

    "@tailwindcss/oxide-linux-x64-gnu": ["@tailwindcss/oxide-linux-x64-gnu@4.1.4", "", { "os": "linux", "cpu": "x64" }, "sha512-2VG4DqhGaDSmYIu6C4ua2vSLXnJsb/C9liej7TuSO04NK+JJJgJucDUgmX6sn7Gw3Cs5ZJ9ZLrnI0QRDOjLfNQ=="],

    "@tailwindcss/oxide-linux-x64-musl": ["@tailwindcss/oxide-linux-x64-musl@4.1.4", "", { "os": "linux", "cpu": "x64" }, "sha512-v+mxVgH2kmur/X5Mdrz9m7TsoVjbdYQT0b4Z+dr+I4RvreCNXyCFELZL/DO0M1RsidZTrm6O1eMnV6zlgEzTMQ=="],

    "@tailwindcss/oxide-wasm32-wasi": ["@tailwindcss/oxide-wasm32-wasi@4.1.4", "", { "dependencies": { "@emnapi/core": "^1.4.0", "@emnapi/runtime": "^1.4.0", "@emnapi/wasi-threads": "^1.0.1", "@napi-rs/wasm-runtime": "^0.2.8", "@tybys/wasm-util": "^0.9.0", "tslib": "^2.8.0" }, "cpu": "none" }, "sha512-2TLe9ir+9esCf6Wm+lLWTMbgklIjiF0pbmDnwmhR9MksVOq+e8aP3TSsXySnBDDvTTVd/vKu1aNttEGj3P6l8Q=="],

    "@tailwindcss/oxide-win32-arm64-msvc": ["@tailwindcss/oxide-win32-arm64-msvc@4.1.4", "", { "os": "win32", "cpu": "arm64" }, "sha512-VlnhfilPlO0ltxW9/BgfLI5547PYzqBMPIzRrk4W7uupgCt8z6Trw/tAj6QUtF2om+1MH281Pg+HHUJoLesmng=="],

    "@tailwindcss/oxide-win32-x64-msvc": ["@tailwindcss/oxide-win32-x64-msvc@4.1.4", "", { "os": "win32", "cpu": "x64" }, "sha512-+7S63t5zhYjslUGb8NcgLpFXD+Kq1F/zt5Xv5qTv7HaFTG/DHyHD9GA6ieNAxhgyA4IcKa/zy7Xx4Oad2/wuhw=="],

    "@tailwindcss/postcss": ["@tailwindcss/postcss@4.1.4", "", { "dependencies": { "@alloc/quick-lru": "^5.2.0", "@tailwindcss/node": "4.1.4", "@tailwindcss/oxide": "4.1.4", "postcss": "^8.4.41", "tailwindcss": "4.1.4" } }, "sha512-bjV6sqycCEa+AQSt2Kr7wpGF1bOZJ5wsqnLEkqSbM/JEHxx/yhMH8wHmdkPyApF9xhHeMSwnnkDUUMMM/hYnXw=="],

    "@testing-library/dom": ["@testing-library/dom@10.4.0", "", { "dependencies": { "@babel/code-frame": "^7.10.4", "@babel/runtime": "^7.12.5", "@types/aria-query": "^5.0.1", "aria-query": "5.3.0", "chalk": "^4.1.0", "dom-accessibility-api": "^0.5.9", "lz-string": "^1.5.0", "pretty-format": "^27.0.2" } }, "sha512-pemlzrSESWbdAloYml3bAJMEfNh1Z7EduzqPKprCH5S341frlpYnUEW0H72dLxa6IsYr+mPno20GiSm+h9dEdQ=="],

    "@testing-library/react": ["@testing-library/react@16.3.0", "", { "dependencies": { "@babel/runtime": "^7.12.5" }, "peerDependencies": { "@testing-library/dom": "^10.0.0", "@types/react": "^18.0.0 || ^19.0.0", "@types/react-dom": "^18.0.0 || ^19.0.0", "react": "^18.0.0 || ^19.0.0", "react-dom": "^18.0.0 || ^19.0.0" }, "optionalPeers": ["@types/react", "@types/react-dom"] }, "sha512-kFSyxiEDwv1WLl2fgsq6pPBbw5aWKrsY2/noi1Id0TK0UParSF62oFQFGHXIyaG4pp2tEub/Zlel+fjjZILDsw=="],

    "@types/aria-query": ["@types/aria-query@5.0.4", "", {}, "sha512-rfT93uj5s0PRL7EzccGMs3brplhcrghnDoV26NqKhCAS1hVo+WdNsPvE/yb6ilfr5hi2MEk6d5EWJTKdxg8jVw=="],

    "@types/bun": ["@types/bun@1.2.9", "", { "dependencies": { "bun-types": "1.2.9" } }, "sha512-epShhLGQYc4Bv/aceHbmBhOz1XgUnuTZgcxjxk+WXwNyDXavv5QHD1QEFV0FwbTSQtNq6g4ZcV6y0vZakTjswg=="],

    "@types/node": ["@types/node@20.12.14", "", { "dependencies": { "undici-types": "~5.26.4" } }, "sha512-scnD59RpYD91xngrQQLGkE+6UrHUPzeKZWhhjBSa3HSkwjbQc38+q3RoIVEwxQGRw3M+j5hpNAM+lgV3cVormg=="],

    "@types/react": ["@types/react@19.1.2", "", { "dependencies": { "csstype": "^3.0.2" } }, "sha512-oxLPMytKchWGbnQM9O7D67uPa9paTNxO7jVoNMXgkkErULBPhPARCfkKL9ytcIJJRGjbsVwW4ugJzyFFvm/Tiw=="],

    "@types/react-dom": ["@types/react-dom@19.1.2", "", { "peerDependencies": { "@types/react": "^19.0.0" } }, "sha512-XGJkWF41Qq305SKWEILa1O8vzhb3aOo3ogBlSmiqNko/WmRb6QIaweuZCXjKygVDXpzXb5wyxKTSOsmkuqj+Qw=="],

    "@types/ws": ["@types/ws@8.5.13", "", { "dependencies": { "@types/node": "*" } }, "sha512-osM/gWBTPKgHV8XkTunnegTRIsvF6owmf5w+JtAfOw472dptdm0dlGv4xCt6GwQRcC2XVOvvRE/0bAoQcL2QkA=="],

    "ansi-regex": ["ansi-regex@5.0.1", "", {}, "sha512-quJQXlTSUGL2LH9SUXo8VwsY4soanhgo6LNSm84E1LBcE8s3O0wpdiRzyR9z/ZZJMlMWv37qOOb9pdJlMUEKFQ=="],

    "ansi-styles": ["ansi-styles@4.3.0", "", { "dependencies": { "color-convert": "^2.0.1" } }, "sha512-zbB9rCJAT1rbjiVDb2hqKFHNYLxgtk8NURxZ3IZwD3F6NtxbXZQCnnSi1Lkx+IDohdPlFp222wVALIheZJQSEg=="],

    "aria-query": ["aria-query@5.3.0", "", { "dependencies": { "dequal": "^2.0.3" } }, "sha512-b0P0sZPKtyu8HkeRAfCq0IfURZK+SuwMjY1UXGBU27wpAiTwQAIlq56IbIO+ytk/JjS1fMR14ee5WBBfKi5J6A=="],

    "babel-plugin-react-compiler": ["babel-plugin-react-compiler@0.0.0-experimental-5122bdc-20250415", "", { "dependencies": { "@babel/types": "^7.26.0" } }, "sha512-Yd65/5xSx7VEVHKwffRydXQDJ+FtvhpddD4jNDDqJbU8TUrKdmwJ7dTP7UrmSwQkFi9lx8hZI379yeib5ZYtsw=="],

    "bun-types": ["bun-types@1.2.9", "", { "dependencies": { "@types/node": "*", "@types/ws": "*" } }, "sha512-dk/kOEfQbajENN/D6FyiSgOKEuUi9PWfqKQJEgwKrCMWbjS/S6tEXp178mWvWAcUSYm9ArDlWHZKO3T/4cLXiw=="],

    "busboy": ["busboy@1.6.0", "", { "dependencies": { "streamsearch": "^1.1.0" } }, "sha512-8SFQbg/0hQ9xy3UNTB0YEnsNBbWfhf7RtnzpL7TkBiTBRfrQ9Fxcnz7VJsleJpyp6rVLvXiuORqjlHi5q+PYuA=="],

    "caniuse-lite": ["caniuse-lite@1.0.30001712", "", {}, "sha512-MBqPpGYYdQ7/hfKiet9SCI+nmN5/hp4ZzveOJubl5DTAMa5oggjAuoi0Z4onBpKPFI2ePGnQuQIzF3VxDjDJig=="],

    "chalk": ["chalk@4.1.2", "", { "dependencies": { "ansi-styles": "^4.1.0", "supports-color": "^7.1.0" } }, "sha512-oKnbhFyRIXpUuez8iBMmyEa4nbj4IOQyuhc/wy9kY7/WVPcwIO9VA668Pu8RkO7+0G76SLROeyw9CpQ061i4mA=="],

    "client-only": ["client-only@0.0.1", "", {}, "sha512-IV3Ou0jSMzZrd3pZ48nLkT9DA7Ag1pnPzaiQhpW7c3RbcqqzvzzVu+L8gfqMp/8IM2MQtSiqaCxrrcfu8I8rMA=="],

    "color": ["color@4.2.3", "", { "dependencies": { "color-convert": "^2.0.1", "color-string": "^1.9.0" } }, "sha512-1rXeuUUiGGrykh+CeBdu5Ie7OJwinCgQY0bc7GCRxy5xVHy+moaqkpL/jqQq0MtQOeYcrqEz4abc5f0KtU7W4A=="],

    "color-convert": ["color-convert@2.0.1", "", { "dependencies": { "color-name": "~1.1.4" } }, "sha512-RRECPsj7iu/xb5oKYcsFHSppFNnsj/52OVTRKb4zP5onXwVF3zVmmToNcOfGC+CRDpfK/U584fMg38ZHCaElKQ=="],

    "color-name": ["color-name@1.1.4", "", {}, "sha512-dOy+3AuW3a2wNbZHIuMZpTcgjGuLU/uBL/ubcZF9OXbDo8ff4O8yVp5Bf0efS8uEoYo5q4Fx7dY9OgQGXgAsQA=="],

    "color-string": ["color-string@1.9.1", "", { "dependencies": { "color-name": "^1.0.0", "simple-swizzle": "^0.2.2" } }, "sha512-shrVawQFojnZv6xM40anx4CkoDP+fZsw/ZerEMsW/pyzsRbElpsL/DBVW7q3ExxwusdNXI3lXpuhEZkzs8p5Eg=="],

    "csstype": ["csstype@3.1.3", "", {}, "sha512-M1uQkMl8rQK/szD0LNhtqxIPLpimGm8sOBwU7lLnCpSbTyY3yeU1Vc7l4KT5zT4s/yOxHH5O7tIuuLOCnLADRw=="],

    "dequal": ["dequal@2.0.3", "", {}, "sha512-0je+qPKHEMohvfRTCEo3CrPG6cAzAYgmzKyxRiYSSDkS6eGJdyVJm7WaYA5ECaAD9wLB2T4EEeymA5aFVcYXCA=="],

    "detect-libc": ["detect-libc@2.0.3", "", {}, "sha512-bwy0MGW55bG41VqxxypOsdSdGqLwXPI/focwgTYCFMbdUiBAxLg9CFzG08sz2aqzknwiX7Hkl0bQENjg8iLByw=="],

    "dom-accessibility-api": ["dom-accessibility-api@0.5.16", "", {}, "sha512-X7BJ2yElsnOJ30pZF4uIIDfBEVgF4XEBxL9Bxhy6dnrm5hkzqmsWHGTiHqRiITNhMyFLyAiWndIJP7Z1NTteDg=="],

    "enhanced-resolve": ["enhanced-resolve@5.18.1", "", { "dependencies": { "graceful-fs": "^4.2.4", "tapable": "^2.2.0" } }, "sha512-ZSW3ma5GkcQBIpwZTSRAI8N71Uuwgs93IezB7mf7R60tC8ZbJideoDNKjHn2O9KIlx6rkGTTEk1xUCK2E1Y2Yg=="],

    "error-stack-parser": ["error-stack-parser@2.1.4", "", { "dependencies": { "stackframe": "^1.3.4" } }, "sha512-Sk5V6wVazPhq5MhpO+AUxJn5x7XSXGl1R93Vn7i+zS15KDVxQijejNCrz8340/2bgLBjR9GtEG8ZVKONDjcqGQ=="],

    "fsevents": ["fsevents@2.3.2", "", { "os": "darwin" }, "sha512-xiqMQR4xAeHTuB9uWm+fFRcIOgKBMiOBP+eXiyT7jsgVCq1bkVygt00oASowB7EdtpOHaaPgKt812P9ab+DDKA=="],

    "graceful-fs": ["graceful-fs@4.2.11", "", {}, "sha512-RbJ5/jmFcNNCcDV5o9eTnBLJ/HszWV0P73bc+Ff4nS/rJj+YaS6IGyiOL0VoBYX+l1Wrl3k63h/KrH+nhJ0XvQ=="],

    "happy-dom": ["happy-dom@17.4.4", "", { "dependencies": { "webidl-conversions": "^7.0.0", "whatwg-mimetype": "^3.0.0" } }, "sha512-/Pb0ctk3HTZ5xEL3BZ0hK1AqDSAUuRQitOmROPHhfUYEWpmTImwfD8vFDGADmMAX0JYgbcgxWoLFKtsWhcpuVA=="],

    "has-flag": ["has-flag@4.0.0", "", {}, "sha512-EykJT/Q1KjTWctppgIAgfSO0tKVuZUjhgMr17kqTumMl6Afv3EISleU7qZUzoXDFTAHTDC4NOoG/ZxU3EvlMPQ=="],

    "html-entities": ["html-entities@2.6.0", "", {}, "sha512-kig+rMn/QOVRvr7c86gQ8lWXq+Hkv6CbAH1hLu+RG338StTpE8Z0b44SDVaqVu7HGKf27frdmUYEs9hTUX/cLQ=="],

    "is-arrayish": ["is-arrayish@0.3.2", "", {}, "sha512-eVRqCvVlZbuw3GrM63ovNSNAeA1K16kaR/LRY/92w0zxQ5/1YzwblUX652i4Xs9RwAGjW9d9y6X88t8OaAJfWQ=="],

    "jiti": ["jiti@2.4.2", "", { "bin": { "jiti": "lib/jiti-cli.mjs" } }, "sha512-rg9zJN+G4n2nfJl5MW3BMygZX56zKPNVEYYqq7adpmMh4Jn2QNEwhvQlFy6jPVdcod7txZtKHWnyZiA3a0zP7A=="],

    "js-tokens": ["js-tokens@4.0.0", "", {}, "sha512-RdJUflcE3cUzKiMqQgsCu06FPu9UdIJO0beYbPhHN4k6apgJtifcoCtT9bcxOpYBtpD2kCM6Sbzg4CausW/PKQ=="],

    "lightningcss": ["lightningcss@1.29.2", "", { "dependencies": { "detect-libc": "^2.0.3" }, "optionalDependencies": { "lightningcss-darwin-arm64": "1.29.2", "lightningcss-darwin-x64": "1.29.2", "lightningcss-freebsd-x64": "1.29.2", "lightningcss-linux-arm-gnueabihf": "1.29.2", "lightningcss-linux-arm64-gnu": "1.29.2", "lightningcss-linux-arm64-musl": "1.29.2", "lightningcss-linux-x64-gnu": "1.29.2", "lightningcss-linux-x64-musl": "1.29.2", "lightningcss-win32-arm64-msvc": "1.29.2", "lightningcss-win32-x64-msvc": "1.29.2" } }, "sha512-6b6gd/RUXKaw5keVdSEtqFVdzWnU5jMxTUjA2bVcMNPLwSQ08Sv/UodBVtETLCn7k4S1Ibxwh7k68IwLZPgKaA=="],

    "lightningcss-darwin-arm64": ["lightningcss-darwin-arm64@1.29.2", "", { "os": "darwin", "cpu": "arm64" }, "sha512-cK/eMabSViKn/PG8U/a7aCorpeKLMlK0bQeNHmdb7qUnBkNPnL+oV5DjJUo0kqWsJUapZsM4jCfYItbqBDvlcA=="],

    "lightningcss-darwin-x64": ["lightningcss-darwin-x64@1.29.2", "", { "os": "darwin", "cpu": "x64" }, "sha512-j5qYxamyQw4kDXX5hnnCKMf3mLlHvG44f24Qyi2965/Ycz829MYqjrVg2H8BidybHBp9kom4D7DR5VqCKDXS0w=="],

    "lightningcss-freebsd-x64": ["lightningcss-freebsd-x64@1.29.2", "", { "os": "freebsd", "cpu": "x64" }, "sha512-wDk7M2tM78Ii8ek9YjnY8MjV5f5JN2qNVO+/0BAGZRvXKtQrBC4/cn4ssQIpKIPP44YXw6gFdpUF+Ps+RGsCwg=="],

    "lightningcss-linux-arm-gnueabihf": ["lightningcss-linux-arm-gnueabihf@1.29.2", "", { "os": "linux", "cpu": "arm" }, "sha512-IRUrOrAF2Z+KExdExe3Rz7NSTuuJ2HvCGlMKoquK5pjvo2JY4Rybr+NrKnq0U0hZnx5AnGsuFHjGnNT14w26sg=="],

    "lightningcss-linux-arm64-gnu": ["lightningcss-linux-arm64-gnu@1.29.2", "", { "os": "linux", "cpu": "arm64" }, "sha512-KKCpOlmhdjvUTX/mBuaKemp0oeDIBBLFiU5Fnqxh1/DZ4JPZi4evEH7TKoSBFOSOV3J7iEmmBaw/8dpiUvRKlQ=="],

    "lightningcss-linux-arm64-musl": ["lightningcss-linux-arm64-musl@1.29.2", "", { "os": "linux", "cpu": "arm64" }, "sha512-Q64eM1bPlOOUgxFmoPUefqzY1yV3ctFPE6d/Vt7WzLW4rKTv7MyYNky+FWxRpLkNASTnKQUaiMJ87zNODIrrKQ=="],

    "lightningcss-linux-x64-gnu": ["lightningcss-linux-x64-gnu@1.29.2", "", { "os": "linux", "cpu": "x64" }, "sha512-0v6idDCPG6epLXtBH/RPkHvYx74CVziHo6TMYga8O2EiQApnUPZsbR9nFNrg2cgBzk1AYqEd95TlrsL7nYABQg=="],

    "lightningcss-linux-x64-musl": ["lightningcss-linux-x64-musl@1.29.2", "", { "os": "linux", "cpu": "x64" }, "sha512-rMpz2yawkgGT8RULc5S4WiZopVMOFWjiItBT7aSfDX4NQav6M44rhn5hjtkKzB+wMTRlLLqxkeYEtQ3dd9696w=="],

    "lightningcss-win32-arm64-msvc": ["lightningcss-win32-arm64-msvc@1.29.2", "", { "os": "win32", "cpu": "arm64" }, "sha512-nL7zRW6evGQqYVu/bKGK+zShyz8OVzsCotFgc7judbt6wnB2KbiKKJwBE4SGoDBQ1O94RjW4asrCjQL4i8Fhbw=="],

    "lightningcss-win32-x64-msvc": ["lightningcss-win32-x64-msvc@1.29.2", "", { "os": "win32", "cpu": "x64" }, "sha512-EdIUW3B2vLuHmv7urfzMI/h2fmlnOQBk1xlsDxkN1tCWKjNFjfLhGxYk8C8mzpSfr+A6jFFIi8fU6LbQGsRWjA=="],

    "lz-string": ["lz-string@1.5.0", "", { "bin": { "lz-string": "bin/bin.js" } }, "sha512-h5bgJWpxJNswbU7qCrV0tIKQCaS3blPDrqKWx+QxzuzL1zGUzij9XCWLrSLsJPu5t+eWA/ycetzYAO5IOMcWAQ=="],

    "nanoid": ["nanoid@3.3.8", "", { "bin": { "nanoid": "bin/nanoid.cjs" } }, "sha512-WNLf5Sd8oZxOm+TzppcYk8gVOgP+l58xNy58D0nbUnOxOWRWvlcCV4kUF7ltmI6PsrLl/BgKEyS4mqsGChFN0w=="],

    "next": ["next@15.3.1-canary.9", "", { "dependencies": { "@next/env": "15.3.1-canary.9", "@swc/counter": "0.1.3", "@swc/helpers": "0.5.15", "busboy": "1.6.0", "caniuse-lite": "^1.0.30001579", "postcss": "8.4.31", "styled-jsx": "5.1.6" }, "optionalDependencies": { "@next/swc-darwin-arm64": "15.3.1-canary.9", "@next/swc-darwin-x64": "15.3.1-canary.9", "@next/swc-linux-arm64-gnu": "15.3.1-canary.9", "@next/swc-linux-arm64-musl": "15.3.1-canary.9", "@next/swc-linux-x64-gnu": "15.3.1-canary.9", "@next/swc-linux-x64-musl": "15.3.1-canary.9", "@next/swc-win32-arm64-msvc": "15.3.1-canary.9", "@next/swc-win32-x64-msvc": "15.3.1-canary.9", "sharp": "^0.34.1" }, "peerDependencies": { "@opentelemetry/api": "^1.1.0", "@playwright/test": "^1.41.2", "babel-plugin-react-compiler": "*", "react": "^18.2.0 || 19.0.0-rc-de68d2f4-20241204 || ^19.0.0", "react-dom": "^18.2.0 || 19.0.0-rc-de68d2f4-20241204 || ^19.0.0", "sass": "^1.3.0" }, "optionalPeers": ["@opentelemetry/api", "@playwright/test", "babel-plugin-react-compiler", "sass"], "bin": { "next": "dist/bin/next" } }, "sha512-aCGJOPF7+e3uElbeOLc5BMhlhQ0Q0J9EAOZv47lkm/VsRgjVWh98yYy4KZg7H11YONQX7zEUa2nuD4IVbG/1KQ=="],

    "next-rspack": ["next-rspack@15.3.1-canary.9", "", { "dependencies": { "@rspack/core": "1.3.4", "@rspack/plugin-react-refresh": "1.2.0", "react-refresh": "0.12.0" } }, "sha512-KR37V22S1ch6CRvEAhNgLaffO26a/0OtC24B0HL+x+SKlKmXs8ax4sU6VMogeyShyc4ot4+QaUf+9tgIxFU+cg=="],

    "picocolors": ["picocolors@1.1.1", "", {}, "sha512-xceH2snhtb5M9liqDsmEw56le376mTZkEX/jEb/RxNFyegNul7eNslCXP9FDj/Lcu0X8KEyMceP2ntpaHrDEVA=="],

    "playwright": ["playwright@1.53.0-alpha-2025-04-16", "", { "dependencies": { "playwright-core": "1.53.0-alpha-2025-04-16" }, "optionalDependencies": { "fsevents": "2.3.2" }, "bin": { "playwright": "cli.js" } }, "sha512-O6D3VyUOFmhEn/5ztzeSZY2N31FBXM9KSUQ1EN1u6M/W8teLmRXPfajEgdm+qT6xUXu6KXFhHKozdFXKwon+fg=="],

    "playwright-core": ["playwright-core@1.53.0-alpha-2025-04-16", "", { "bin": { "playwright-core": "cli.js" } }, "sha512-j7/Wibpww9WNdcVhnTDb5aAn7zeL6iXLJQOmjasKJ1LvI6Fz5TcNvoPlvT50tMqqAiUgu+CBP53tzsC6qa2i/w=="],

    "postcss": ["postcss@8.5.3", "", { "dependencies": { "nanoid": "^3.3.8", "picocolors": "^1.1.1", "source-map-js": "^1.2.1" } }, "sha512-dle9A3yYxlBSrt8Fu+IpjGT8SY8hN0mlaA6GY8t0P5PjIOZemULz/E2Bnm/2dcUOena75OTNkHI76uZBNUUq3A=="],

    "pretty-format": ["pretty-format@27.5.1", "", { "dependencies": { "ansi-regex": "^5.0.1", "ansi-styles": "^5.0.0", "react-is": "^17.0.1" } }, "sha512-Qb1gy5OrP5+zDf2Bvnzdl3jsTf1qXVMazbvCoKhtKqVs4/YK4ozX4gKQJJVyNe+cajNPn0KoC0MC3FUmaHWEmQ=="],

    "react": ["react@19.1.0", "", {}, "sha512-FS+XFBNvn3GTAWq26joslQgWNoFu08F4kl0J4CgdNKADkdSGXQyTCnKteIAJy96Br6YbpEU1LSzV5dYtjMkMDg=="],

    "react-dom": ["react-dom@19.1.0", "", { "dependencies": { "scheduler": "^0.26.0" }, "peerDependencies": { "react": "^19.1.0" } }, "sha512-Xs1hdnE+DyKgeHJeJznQmYMIBG3TKIHJJT95Q58nHLSrElKlGQqDTR2HQ9fx5CN/Gk6Vh/kupBTDLU11/nDk/g=="],

    "react-is": ["react-is@17.0.2", "", {}, "sha512-w2GsyukL62IJnlaff/nRegPQR94C/XXamvMWmSHRJ4y7Ts/4ocGRmTHvOs8PSE6pB3dWOrD/nueuU5sduBsQ4w=="],

    "react-refresh": ["react-refresh@0.12.0", "", {}, "sha512-suLIhrU2IHKL5JEKR/fAwJv7bbeq4kJ+pJopf77jHwuR+HmJS/HbrPIGsTBUVfw7tXPOmYv7UJ7PCaN49e8x4A=="],

    "regenerator-runtime": ["regenerator-runtime@0.14.1", "", {}, "sha512-dYnhHh0nJoMfnkZs6GmmhFknAGRrLznOu5nc9ML+EJxGvrx6H7teuevqVqCuPcPK//3eDrrjQhehXVx9cnkGdw=="],

    "scheduler": ["scheduler@0.26.0", "", {}, "sha512-NlHwttCI/l5gCPR3D1nNXtWABUmBwvZpEQiD4IXSbIDq8BzLIK/7Ir5gTFSGZDUu37K5cMNp0hFtzO38sC7gWA=="],

    "semver": ["semver@7.7.1", "", { "bin": { "semver": "bin/semver.js" } }, "sha512-hlq8tAfn0m/61p4BVRcPzIGr6LKiMwo4VM6dGi6pt4qcRkmNzTcWq6eCEjEh+qXjkMDvPlOFFSGwQjoEa6gyMA=="],

    "sharp": ["sharp@0.34.1", "", { "dependencies": { "color": "^4.2.3", "detect-libc": "^2.0.3", "semver": "^7.7.1" }, "optionalDependencies": { "@img/sharp-darwin-arm64": "0.34.1", "@img/sharp-darwin-x64": "0.34.1", "@img/sharp-libvips-darwin-arm64": "1.1.0", "@img/sharp-libvips-darwin-x64": "1.1.0", "@img/sharp-libvips-linux-arm": "1.1.0", "@img/sharp-libvips-linux-arm64": "1.1.0", "@img/sharp-libvips-linux-ppc64": "1.1.0", "@img/sharp-libvips-linux-s390x": "1.1.0", "@img/sharp-libvips-linux-x64": "1.1.0", "@img/sharp-libvips-linuxmusl-arm64": "1.1.0", "@img/sharp-libvips-linuxmusl-x64": "1.1.0", "@img/sharp-linux-arm": "0.34.1", "@img/sharp-linux-arm64": "0.34.1", "@img/sharp-linux-s390x": "0.34.1", "@img/sharp-linux-x64": "0.34.1", "@img/sharp-linuxmusl-arm64": "0.34.1", "@img/sharp-linuxmusl-x64": "0.34.1", "@img/sharp-wasm32": "0.34.1", "@img/sharp-win32-ia32": "0.34.1", "@img/sharp-win32-x64": "0.34.1" } }, "sha512-1j0w61+eVxu7DawFJtnfYcvSv6qPFvfTaqzTQ2BLknVhHTwGS8sc63ZBF4rzkWMBVKybo4S5OBtDdZahh2A1xg=="],

    "simple-swizzle": ["simple-swizzle@0.2.2", "", { "dependencies": { "is-arrayish": "^0.3.1" } }, "sha512-JA//kQgZtbuY83m+xT+tXJkmJncGMTFT+C+g2h2R9uxkYIrE2yy9sgmcLhCnw57/WSD+Eh3J97FPEDFnbXnDUg=="],

    "source-map-js": ["source-map-js@1.2.1", "", {}, "sha512-UXWMKhLOwVKb728IUtQPXxfYU+usdybtUrK/8uGE8CQMvrhOpwvzDBwj0QhSL7MQc7vIsISBG8VQ8+IDQxpfQA=="],

    "stackframe": ["stackframe@1.3.4", "", {}, "sha512-oeVtt7eWQS+Na6F//S4kJ2K2VbRlS9D43mAlMyVpVWovy9o+jfgH8O9agzANzaiLjclA0oYzUXEM4PurhSUChw=="],

    "streamsearch": ["streamsearch@1.1.0", "", {}, "sha512-Mcc5wHehp9aXz1ax6bZUyY5afg9u2rv5cqQI3mRrYkGC8rW2hM02jWuwjtL++LS5qinSyhj2QfLyNsuc+VsExg=="],

    "styled-jsx": ["styled-jsx@5.1.6", "", { "dependencies": { "client-only": "0.0.1" }, "peerDependencies": { "react": ">= 16.8.0 || 17.x.x || ^18.0.0-0 || ^19.0.0-0" } }, "sha512-qSVyDTeMotdvQYoHWLNGwRFJHC+i+ZvdBRYosOFgC+Wg1vx4frN2/RG/NA7SYqqvKNLf39P2LSRA2pu6n0XYZA=="],

    "supports-color": ["supports-color@7.2.0", "", { "dependencies": { "has-flag": "^4.0.0" } }, "sha512-qpCAvRl9stuOHveKsn7HncJRvv501qIacKzQlO/+Lwxc9+0q2wLyv4Dfvt80/DPn2pqOBsJdDiogXGR9+OvwRw=="],

    "tailwindcss": ["tailwindcss@4.1.4", "", {}, "sha512-1ZIUqtPITFbv/DxRmDr5/agPqJwF69d24m9qmM1939TJehgY539CtzeZRjbLt5G6fSy/7YqqYsfvoTEw9xUI2A=="],

    "tapable": ["tapable@2.2.1", "", {}, "sha512-GNzQvQTOIP6RyTfE2Qxb8ZVlNmw0n88vp1szwWRimP02mnTsx3Wtn5qRdqY9w2XduFNUgvOwhNnQsjwCp+kqaQ=="],

    "tslib": ["tslib@2.8.1", "", {}, "sha512-oJFu94HQb+KVduSUQL7wnpmqnfmLsOA/nAh6b6EH0wCEoK0/mPeXU6c3wKDV83MkOuHPRHtSXKKU99IBazS/2w=="],

    "typescript": ["typescript@5.8.3", "", { "bin": { "tsc": "bin/tsc", "tsserver": "bin/tsserver" } }, "sha512-p1diW6TqL9L07nNxvRMM7hMMw4c5XOo/1ibL4aAIGmSAt9slTE1Xgw5KWuof2uTOvCg9BY7ZRi+GaF+7sfgPeQ=="],

    "undici-types": ["undici-types@5.26.5", "", {}, "sha512-JlCMO+ehdEIKqlFxk6IfVoAUVmgz7cU7zD/h9XZ0qzeosSHmUJVOzSQvvYSYWXkFXC+IfLKSIffhv0sVZup6pA=="],

    "webidl-conversions": ["webidl-conversions@7.0.0", "", {}, "sha512-VwddBukDzu71offAQR975unBIGqfKZpM+8ZX6ySk8nYhVoo5CYaZyzt3YBvYtRtO+aoGlqxPg/B87NGVZ/fu6g=="],

    "whatwg-mimetype": ["whatwg-mimetype@3.0.0", "", {}, "sha512-nt+N2dzIutVRxARx1nghPKGv1xHikU7HKdfafKkLNLindmPU/ch3U31NOCGGA/dmPcmb1VlofO0vnKAcsm0o/Q=="],

    "@tailwindcss/oxide-wasm32-wasi/@emnapi/core": ["@emnapi/core@1.4.1", "", { "dependencies": { "@emnapi/wasi-threads": "1.0.1", "tslib": "^2.4.0" }, "bundled": true }, "sha512-4JFstCTaToCFrPqrGzgkF8N2NHjtsaY4uRh6brZQ5L9e4wbMieX8oDT8N7qfVFTQecHFEtkj4ve49VIZ3mKVqw=="],

    "@tailwindcss/oxide-wasm32-wasi/@emnapi/runtime": ["@emnapi/runtime@1.4.0", "", { "dependencies": { "tslib": "^2.4.0" }, "bundled": true }, "sha512-64WYIf4UYcdLnbKn/umDlNjQDSS8AgZrI/R9+x5ilkUVFxXcA1Ebl+gQLc/6mERA4407Xof0R7wEyEuj091CVw=="],

    "@tailwindcss/oxide-wasm32-wasi/@emnapi/wasi-threads": ["@emnapi/wasi-threads@1.0.1", "", { "dependencies": { "tslib": "^2.4.0" }, "bundled": true }, "sha512-iIBu7mwkq4UQGeMEM8bLwNK962nXdhodeScX4slfQnRhEMMzvYivHhutCIk8uojvmASXXPC2WNEjwxFWk72Oqw=="],

    "@tailwindcss/oxide-wasm32-wasi/@napi-rs/wasm-runtime": ["@napi-rs/wasm-runtime@0.2.8", "", { "dependencies": { "@emnapi/core": "^1.4.0", "@emnapi/runtime": "^1.4.0", "@tybys/wasm-util": "^0.9.0" }, "bundled": true }, "sha512-OBlgKdX7gin7OIq4fadsjpg+cp2ZphvAIKucHsNfTdJiqdOmOEwQd/bHi0VwNrcw5xpBJyUw6cK/QilCqy1BSg=="],

    "@tailwindcss/oxide-wasm32-wasi/@tybys/wasm-util": ["@tybys/wasm-util@0.9.0", "", { "dependencies": { "tslib": "^2.4.0" }, "bundled": true }, "sha512-6+7nlbMVX/PVDCwaIQ8nTOPveOcFLSt8GcXdx8hD0bt39uWxYT88uXzqTd4fTvqta7oeUJqudepapKNt2DYJFw=="],

    "@tailwindcss/oxide-wasm32-wasi/tslib": ["tslib@2.8.1", "", { "bundled": true }, "sha512-oJFu94HQb+KVduSUQL7wnpmqnfmLsOA/nAh6b6EH0wCEoK0/mPeXU6c3wKDV83MkOuHPRHtSXKKU99IBazS/2w=="],

    "next/postcss": ["postcss@8.4.31", "", { "dependencies": { "nanoid": "^3.3.6", "picocolors": "^1.0.0", "source-map-js": "^1.0.2" } }, "sha512-PS08Iboia9mts/2ygV3eLpY5ghnUcfLV/EXTOW1E2qYxJKGGBUtNjN76FYHnMs36RmARn41bC0AZmn+rR0OVpQ=="],

    "pretty-format/ansi-styles": ["ansi-styles@5.2.0", "", {}, "sha512-Cxwpt2SfTzTtXcfOlzGEee8O+c+MmUgGrNiBcXnuWxuFJHe6a5Hz7qwhwe5OgaSYI0IJvkLqWX1ASG+cJOkEiA=="],
  }
}
